{
  "version": 4,
  "terraform_version": "1.0.1",
  "serial": 26,
  "lineage": "9b424722-a76e-92b2-b3af-39efcb9514a6",
  "outputs": {},
  "resources": [
    {
      "mode": "managed",
      "type": "null_resource",
      "name": "script-copy",
      "provider": "provider[\"registry.terraform.io/hashicorp/null\"]",
      "instances": [
        {
          "status": "tainted",
          "schema_version": 0,
          "attributes": {
            "id": "8944936370470197724",
            "triggers": null
          },
          "sensitive_attributes": [],
          "private": "bnVsbA=="
        }
      ]
    },
    {
      "module": "module.testvm",
      "mode": "managed",
      "type": "azurerm_linux_virtual_machine",
      "name": "vm1east",
      "provider": "provider[\"registry.terraform.io/hashicorp/azurerm\"]",
      "instances": [
        {
          "schema_version": 0,
          "attributes": {
            "additional_capabilities": [],
            "admin_password": "P@$$w0rd1234!",
            "admin_ssh_key": [],
            "admin_username": "adminuser",
            "allow_extension_operations": true,
            "availability_set_id": "",
            "boot_diagnostics": [],
            "computer_name": "vm1eastus",
            "custom_data": null,
            "dedicated_host_id": "",
            "disable_password_authentication": false,
            "encryption_at_host_enabled": false,
            "eviction_policy": "",
            "extensions_time_budget": "PT1H30M",
            "id": "/subscriptions/596edce6-97a9-44ad-acf7-e4848b14c029/resourceGroups/newrg/providers/Microsoft.Compute/virtualMachines/vm1eastus",
            "identity": [],
            "license_type": "",
            "location": "eastus",
            "max_bid_price": -1,
            "name": "vm1eastus",
            "network_interface_ids": [
              "/subscriptions/596edce6-97a9-44ad-acf7-e4848b14c029/resourceGroups/newrg/providers/Microsoft.Network/networkInterfaces/cwwwwftw"
            ],
            "os_disk": [
              {
                "caching": "ReadWrite",
                "diff_disk_settings": [],
                "disk_encryption_set_id": "",
                "disk_size_gb": 30,
                "name": "vm1eastus_disk1_18484de1c1794062810b720ab6968b68",
                "storage_account_type": "Standard_LRS",
                "write_accelerator_enabled": false
              }
            ],
            "plan": [],
            "platform_fault_domain": -1,
            "priority": "Regular",
            "private_ip_address": "10.1.1.4",
            "private_ip_addresses": [
              "10.1.1.4"
            ],
            "provision_vm_agent": true,
            "proximity_placement_group_id": "",
            "public_ip_address": "40.121.233.86",
            "public_ip_addresses": [
              "40.121.233.86"
            ],
            "resource_group_name": "newrg",
            "secret": [],
            "size": "Standard_B1s",
            "source_image_id": "",
            "source_image_reference": [
              {
                "offer": "UbuntuServer",
                "publisher": "Canonical",
                "sku": "18.04-LTS",
                "version": "latest"
              }
            ],
            "tags": {},
            "timeouts": null,
            "virtual_machine_id": "ba3c1cc3-0804-4ebc-89fc-f9c5ebd35667",
            "virtual_machine_scale_set_id": "",
            "zone": ""
          },
          "sensitive_attributes": [],
          "private": "eyJlMmJmYjczMC1lY2FhLTExZTYtOGY4OC0zNDM2M2JjN2M0YzAiOnsiY3JlYXRlIjoyNzAwMDAwMDAwMDAwLCJkZWxldGUiOjI3MDAwMDAwMDAwMDAsInJlYWQiOjMwMDAwMDAwMDAwMCwidXBkYXRlIjoyNzAwMDAwMDAwMDAwfX0=",
          "dependencies": [
            "module.testvnet.azurerm_network_interface.myterraformnic",
            "module.testvnet.azurerm_public_ip.myterraformpublicip",
            "module.testvnet.azurerm_resource_group.dev-lic-rg",
            "module.testvnet.azurerm_subnet.subnet-1",
            "module.testvnet.azurerm_virtual_network.dev-lic-vnet1"
          ]
        }
      ]
    },
    {
      "module": "module.testvnet",
      "mode": "managed",
      "type": "azurerm_network_interface",
      "name": "myterraformnic",
      "provider": "provider[\"registry.terraform.io/hashicorp/azurerm\"]",
      "instances": [
        {
          "schema_version": 0,
          "attributes": {
            "applied_dns_servers": [],
            "dns_servers": [],
            "enable_accelerated_networking": false,
            "enable_ip_forwarding": false,
            "id": "/subscriptions/596edce6-97a9-44ad-acf7-e4848b14c029/resourceGroups/newrg/providers/Microsoft.Network/networkInterfaces/cwwwwftw",
            "internal_dns_name_label": "",
            "internal_domain_name_suffix": "xmz5eyn1zpoe1itmtvupittvtc.bx.internal.cloudapp.net",
            "ip_configuration": [
              {
                "name": "cwerwfvgw",
                "primary": true,
                "private_ip_address": "10.1.1.4",
                "private_ip_address_allocation": "Dynamic",
                "private_ip_address_version": "IPv4",
                "public_ip_address_id": "/subscriptions/596edce6-97a9-44ad-acf7-e4848b14c029/resourceGroups/newrg/providers/Microsoft.Network/publicIPAddresses/myPublicIP",
                "subnet_id": "/subscriptions/596edce6-97a9-44ad-acf7-e4848b14c029/resourceGroups/newrg/providers/Microsoft.Network/virtualNetworks/vfvg123/subnets/errf"
              }
            ],
            "location": "eastus",
            "mac_address": "00-0D-3A-19-8A-E0",
            "name": "cwwwwftw",
            "private_ip_address": "10.1.1.4",
            "private_ip_addresses": [
              "10.1.1.4"
            ],
            "resource_group_name": "newrg",
            "tags": {
              "environment": "Terraform Demo"
            },
            "timeouts": null,
            "virtual_machine_id": "/subscriptions/596edce6-97a9-44ad-acf7-e4848b14c029/resourceGroups/newrg/providers/Microsoft.Compute/virtualMachines/vm1eastus"
          },
          "sensitive_attributes": [],
          "private": "eyJlMmJmYjczMC1lY2FhLTExZTYtOGY4OC0zNDM2M2JjN2M0YzAiOnsiY3JlYXRlIjoxODAwMDAwMDAwMDAwLCJkZWxldGUiOjE4MDAwMDAwMDAwMDAsInJlYWQiOjMwMDAwMDAwMDAwMCwidXBkYXRlIjoxODAwMDAwMDAwMDAwfX0=",
          "dependencies": [
            "module.testvnet.azurerm_resource_group.dev-lic-rg",
            "module.testvnet.azurerm_subnet.subnet-1",
            "module.testvnet.azurerm_virtual_network.dev-lic-vnet1",
            "module.testvnet.azurerm_public_ip.myterraformpublicip"
          ]
        }
      ]
    },
    {
      "module": "module.testvnet",
      "mode": "managed",
      "type": "azurerm_network_interface_security_group_association",
      "name": "example",
      "provider": "provider[\"registry.terraform.io/hashicorp/azurerm\"]",
      "instances": [
        {
          "schema_version": 0,
          "attributes": {
            "id": "/subscriptions/596edce6-97a9-44ad-acf7-e4848b14c029/resourceGroups/newrg/providers/Microsoft.Network/networkInterfaces/cwwwwftw|/subscriptions/596edce6-97a9-44ad-acf7-e4848b14c029/resourceGroups/newrg/providers/Microsoft.Network/networkSecurityGroups/myNetworkSecurityGroup",
            "network_interface_id": "/subscriptions/596edce6-97a9-44ad-acf7-e4848b14c029/resourceGroups/newrg/providers/Microsoft.Network/networkInterfaces/cwwwwftw",
            "network_security_group_id": "/subscriptions/596edce6-97a9-44ad-acf7-e4848b14c029/resourceGroups/newrg/providers/Microsoft.Network/networkSecurityGroups/myNetworkSecurityGroup",
            "timeouts": null
          },
          "sensitive_attributes": [],
          "private": "eyJlMmJmYjczMC1lY2FhLTExZTYtOGY4OC0zNDM2M2JjN2M0YzAiOnsiY3JlYXRlIjoxODAwMDAwMDAwMDAwLCJkZWxldGUiOjE4MDAwMDAwMDAwMDAsInJlYWQiOjMwMDAwMDAwMDAwMCwidXBkYXRlIjoxODAwMDAwMDAwMDAwfX0=",
          "dependencies": [
            "module.testvnet.azurerm_resource_group.dev-lic-rg",
            "module.testvnet.azurerm_subnet.subnet-1",
            "module.testvnet.azurerm_virtual_network.dev-lic-vnet1",
            "module.testvnet.azurerm_network_interface.myterraformnic",
            "module.testvnet.azurerm_network_security_group.myterraformnsg",
            "module.testvnet.azurerm_public_ip.myterraformpublicip"
          ]
        }
      ]
    },
    {
      "module": "module.testvnet",
      "mode": "managed",
      "type": "azurerm_network_security_group",
      "name": "myterraformnsg",
      "provider": "provider[\"registry.terraform.io/hashicorp/azurerm\"]",
      "instances": [
        {
          "schema_version": 0,
          "attributes": {
            "id": "/subscriptions/596edce6-97a9-44ad-acf7-e4848b14c029/resourceGroups/newrg/providers/Microsoft.Network/networkSecurityGroups/myNetworkSecurityGroup",
            "location": "eastus",
            "name": "myNetworkSecurityGroup",
            "resource_group_name": "newrg",
            "security_rule": [
              {
                "access": "Allow",
                "description": "",
                "destination_address_prefix": "*",
                "destination_address_prefixes": [],
                "destination_application_security_group_ids": [],
                "destination_port_range": "*",
                "destination_port_ranges": [],
                "direction": "Inbound",
                "name": "Allow_All",
                "priority": 1001,
                "protocol": "Tcp",
                "source_address_prefix": "*",
                "source_address_prefixes": [],
                "source_application_security_group_ids": [],
                "source_port_range": "*",
                "source_port_ranges": []
              }
            ],
            "tags": {
              "environment": "Terraform Demo"
            },
            "timeouts": null
          },
          "sensitive_attributes": [],
          "private": "eyJlMmJmYjczMC1lY2FhLTExZTYtOGY4OC0zNDM2M2JjN2M0YzAiOnsiY3JlYXRlIjoxODAwMDAwMDAwMDAwLCJkZWxldGUiOjE4MDAwMDAwMDAwMDAsInJlYWQiOjMwMDAwMDAwMDAwMCwidXBkYXRlIjoxODAwMDAwMDAwMDAwfX0=",
          "dependencies": [
            "module.testvnet.azurerm_resource_group.dev-lic-rg"
          ]
        }
      ]
    },
    {
      "module": "module.testvnet",
      "mode": "managed",
      "type": "azurerm_public_ip",
      "name": "myterraformpublicip",
      "provider": "provider[\"registry.terraform.io/hashicorp/azurerm\"]",
      "instances": [
        {
          "schema_version": 0,
          "attributes": {
            "allocation_method": "Dynamic",
            "availability_zone": "No-Zone",
            "domain_name_label": null,
            "fqdn": null,
            "id": "/subscriptions/596edce6-97a9-44ad-acf7-e4848b14c029/resourceGroups/newrg/providers/Microsoft.Network/publicIPAddresses/myPublicIP",
            "idle_timeout_in_minutes": 4,
            "ip_address": "40.121.233.86",
            "ip_tags": {},
            "ip_version": "IPv4",
            "location": "eastus",
            "name": "myPublicIP",
            "public_ip_prefix_id": null,
            "resource_group_name": "newrg",
            "reverse_fqdn": null,
            "sku": "Basic",
            "tags": {
              "environment": "Terraform Demo"
            },
            "timeouts": null,
            "zones": []
          },
          "sensitive_attributes": [],
          "private": "eyJlMmJmYjczMC1lY2FhLTExZTYtOGY4OC0zNDM2M2JjN2M0YzAiOnsiY3JlYXRlIjoxODAwMDAwMDAwMDAwLCJkZWxldGUiOjE4MDAwMDAwMDAwMDAsInJlYWQiOjMwMDAwMDAwMDAwMCwidXBkYXRlIjoxODAwMDAwMDAwMDAwfX0=",
          "dependencies": [
            "module.testvnet.azurerm_resource_group.dev-lic-rg"
          ]
        }
      ]
    },
    {
      "module": "module.testvnet",
      "mode": "managed",
      "type": "azurerm_resource_group",
      "name": "dev-lic-rg",
      "provider": "provider[\"registry.terraform.io/hashicorp/azurerm\"]",
      "instances": [
        {
          "schema_version": 0,
          "attributes": {
            "id": "/subscriptions/596edce6-97a9-44ad-acf7-e4848b14c029/resourceGroups/newrg",
            "location": "eastus",
            "name": "newrg",
            "tags": {},
            "timeouts": null
          },
          "sensitive_attributes": [],
          "private": "eyJlMmJmYjczMC1lY2FhLTExZTYtOGY4OC0zNDM2M2JjN2M0YzAiOnsiY3JlYXRlIjo1NDAwMDAwMDAwMDAwLCJkZWxldGUiOjU0MDAwMDAwMDAwMDAsInJlYWQiOjMwMDAwMDAwMDAwMCwidXBkYXRlIjo1NDAwMDAwMDAwMDAwfX0="
        }
      ]
    },
    {
      "module": "module.testvnet",
      "mode": "managed",
      "type": "azurerm_subnet",
      "name": "subnet-1",
      "provider": "provider[\"registry.terraform.io/hashicorp/azurerm\"]",
      "instances": [
        {
          "schema_version": 0,
          "attributes": {
            "address_prefix": "10.1.1.0/24",
            "address_prefixes": [
              "10.1.1.0/24"
            ],
            "delegation": [],
            "enforce_private_link_endpoint_network_policies": false,
            "enforce_private_link_service_network_policies": false,
            "id": "/subscriptions/596edce6-97a9-44ad-acf7-e4848b14c029/resourceGroups/newrg/providers/Microsoft.Network/virtualNetworks/vfvg123/subnets/errf",
            "name": "errf",
            "resource_group_name": "newrg",
            "service_endpoint_policy_ids": [],
            "service_endpoints": [],
            "timeouts": null,
            "virtual_network_name": "vfvg123"
          },
          "sensitive_attributes": [],
          "private": "eyJlMmJmYjczMC1lY2FhLTExZTYtOGY4OC0zNDM2M2JjN2M0YzAiOnsiY3JlYXRlIjoxODAwMDAwMDAwMDAwLCJkZWxldGUiOjE4MDAwMDAwMDAwMDAsInJlYWQiOjMwMDAwMDAwMDAwMCwidXBkYXRlIjoxODAwMDAwMDAwMDAwfX0=",
          "dependencies": [
            "module.testvnet.azurerm_resource_group.dev-lic-rg",
            "module.testvnet.azurerm_virtual_network.dev-lic-vnet1"
          ]
        }
      ]
    },
    {
      "module": "module.testvnet",
      "mode": "managed",
      "type": "azurerm_subnet",
      "name": "subnet-2",
      "provider": "provider[\"registry.terraform.io/hashicorp/azurerm\"]",
      "instances": [
        {
          "schema_version": 0,
          "attributes": {
            "address_prefix": "10.1.2.0/24",
            "address_prefixes": [
              "10.1.2.0/24"
            ],
            "delegation": [],
            "enforce_private_link_endpoint_network_policies": false,
            "enforce_private_link_service_network_policies": false,
            "id": "/subscriptions/596edce6-97a9-44ad-acf7-e4848b14c029/resourceGroups/newrg/providers/Microsoft.Network/virtualNetworks/vfvg123/subnets/rfrwf",
            "name": "rfrwf",
            "resource_group_name": "newrg",
            "service_endpoint_policy_ids": [],
            "service_endpoints": [],
            "timeouts": null,
            "virtual_network_name": "vfvg123"
          },
          "sensitive_attributes": [],
          "private": "eyJlMmJmYjczMC1lY2FhLTExZTYtOGY4OC0zNDM2M2JjN2M0YzAiOnsiY3JlYXRlIjoxODAwMDAwMDAwMDAwLCJkZWxldGUiOjE4MDAwMDAwMDAwMDAsInJlYWQiOjMwMDAwMDAwMDAwMCwidXBkYXRlIjoxODAwMDAwMDAwMDAwfX0=",
          "dependencies": [
            "module.testvnet.azurerm_resource_group.dev-lic-rg",
            "module.testvnet.azurerm_virtual_network.dev-lic-vnet1"
          ]
        }
      ]
    },
    {
      "module": "module.testvnet",
      "mode": "managed",
      "type": "azurerm_virtual_network",
      "name": "dev-lic-vnet1",
      "provider": "provider[\"registry.terraform.io/hashicorp/azurerm\"]",
      "instances": [
        {
          "schema_version": 0,
          "attributes": {
            "address_space": [
              "10.1.0.0/16"
            ],
            "bgp_community": "",
            "ddos_protection_plan": [],
            "dns_servers": [
              "8.8.8.8",
              "8.8.4.4"
            ],
            "guid": "61f233bb-cbbb-4ddc-a26c-9d68f44e759a",
            "id": "/subscriptions/596edce6-97a9-44ad-acf7-e4848b14c029/resourceGroups/newrg/providers/Microsoft.Network/virtualNetworks/vfvg123",
            "location": "eastus",
            "name": "vfvg123",
            "resource_group_name": "newrg",
            "subnet": [
              {
                "address_prefix": "10.1.1.0/24",
                "id": "/subscriptions/596edce6-97a9-44ad-acf7-e4848b14c029/resourceGroups/newrg/providers/Microsoft.Network/virtualNetworks/vfvg123/subnets/errf",
                "name": "errf",
                "security_group": ""
              },
              {
                "address_prefix": "10.1.2.0/24",
                "id": "/subscriptions/596edce6-97a9-44ad-acf7-e4848b14c029/resourceGroups/newrg/providers/Microsoft.Network/virtualNetworks/vfvg123/subnets/rfrwf",
                "name": "rfrwf",
                "security_group": ""
              }
            ],
            "tags": {
              "CostCenter": "8080",
              "environment": "dev"
            },
            "timeouts": null,
            "vm_protection_enabled": false
          },
          "sensitive_attributes": [],
          "private": "eyJlMmJmYjczMC1lY2FhLTExZTYtOGY4OC0zNDM2M2JjN2M0YzAiOnsiY3JlYXRlIjoxODAwMDAwMDAwMDAwLCJkZWxldGUiOjE4MDAwMDAwMDAwMDAsInJlYWQiOjMwMDAwMDAwMDAwMCwidXBkYXRlIjoxODAwMDAwMDAwMDAwfX0="
        }
      ]
    }
  ]
}
